
Microsoft Visual Studio Solution File, Format Version 12.00
# Visual Studio Version 17
VisualStudioVersion = 17.0.32112.339
MinimumVisualStudioVersion = 10.0.40219.1
Project("{FAE04EC0-301F-11D3-BF4B-00C04F79EFBC}") = "Week3", "Week3\Week3.csproj", "{61320F25-27B0-49D7-941B-437CAF746E82}"
EndProject
Global
	GlobalSection(SolutionConfigurationPlatforms) = preSolution
		Debug|Any CPU = Debug|Any CPU
		Release|Any CPU = Release|Any CPU
	EndGlobalSection
	GlobalSection(ProjectConfigurationPlatforms) = postSolution
		{61320F25-27B0-49D7-941B-437CAF746E82}.Debug|Any CPU.ActiveCfg = Debug|Any CPU
		{61320F25-27B0-49D7-941B-437CAF746E82}.Debug|Any CPU.Build.0 = Debug|Any CPU
		{61320F25-27B0-49D7-941B-437CAF746E82}.Release|Any CPU.ActiveCfg = Release|Any CPU
		{61320F25-27B0-49D7-941B-437CAF746E82}.Release|Any CPU.Build.0 = Release|Any CPU
	EndGlobalSection
	GlobalSection(SolutionProperties) = preSolution
		HideSolutionNode = FALSE
	EndGlobalSection
	GlobalSection(ExtensibilityGlobals) = postSolution
		SolutionGuid = {10050902-E50A-488D-A18E-C0A40B6AB205}
	EndGlobalSection
EndGlobal
